// !$*UTF8*$!
{
	archiveVersion = 1;
	classes = {
	};
	objectVersion = 46;
	objects = {

/* Begin PBXBuildFile section */
		CC290D151D610A180026E9F9 /* AppDelegate.swift in Sources */ = {isa = PBXBuildFile; fileRef = CC290D141D610A180026E9F9 /* AppDelegate.swift */; };
		CC290D171D610A180026E9F9 /* ViewController.swift in Sources */ = {isa = PBXBuildFile; fileRef = CC290D161D610A180026E9F9 /* ViewController.swift */; };
		CC290D1A1D610A180026E9F9 /* Main.storyboard in Resources */ = {isa = PBXBuildFile; fileRef = CC290D181D610A180026E9F9 /* Main.storyboard */; };
		CC290D1C1D610A180026E9F9 /* Assets.xcassets in Resources */ = {isa = PBXBuildFile; fileRef = CC290D1B1D610A180026E9F9 /* Assets.xcassets */; };
		CC290D1F1D610A180026E9F9 /* LaunchScreen.storyboard in Resources */ = {isa = PBXBuildFile; fileRef = CC290D1D1D610A180026E9F9 /* LaunchScreen.storyboard */; };
		CC290D291D6111420026E9F9 /* RequestHandler.swift in Sources */ = {isa = PBXBuildFile; fileRef = CC290D281D6111420026E9F9 /* RequestHandler.swift */; };
/* End PBXBuildFile section */

/* Begin PBXFileReference section */
		CC290D111D610A180026E9F9 /* MoonLander.app */ = {isa = PBXFileReference; explicitFileType = wrapper.application; includeInIndex = 0; path = MoonLander.app; sourceTree = BUILT_PRODUCTS_DIR; };
		CC290D141D610A180026E9F9 /* AppDelegate.swift */ = {isa = PBXFileReference; lastKnownFileType = sourcecode.swift; path = AppDelegate.swift; sourceTree = "<group>"; };
		CC290D161D610A180026E9F9 /* ViewController.swift */ = {isa = PBXFileReference; lastKnownFileType = sourcecode.swift; path = ViewController.swift; sourceTree = "<group>"; };
		CC290D191D610A180026E9F9 /* Base */ = {isa = PBXFileReference; lastKnownFileType = file.storyboard; name = Base; path = Base.lproj/Main.storyboard; sourceTree = "<group>"; };
		CC290D1B1D610A180026E9F9 /* Assets.xcassets */ = {isa = PBXFileReference; lastKnownFileType = folder.assetcatalog; path = Assets.xcassets; sourceTree = "<group>"; };
		CC290D1E1D610A180026E9F9 /* Base */ = {isa = PBXFileReference; lastKnownFileType = file.storyboard; name = Base; path = Base.lproj/LaunchScreen.storyboard; sourceTree = "<group>"; };
		CC290D201D610A180026E9F9 /* Info.plist */ = {isa = PBXFileReference; lastKnownFileType = text.plist.xml; path = Info.plist; sourceTree = "<group>"; };
		CC290D281D6111420026E9F9 /* RequestHandler.swift */ = {isa = PBXFileReference; fileEncoding = 4; lastKnownFileType = sourcecode.swift; path = RequestHandler.swift; sourceTree = "<group>"; };
/* End PBXFileReference section */

/* Begin PBXFrameworksBuildPhase section */
		CC290D0E1D610A180026E9F9 /* Frameworks */ = {
			isa = PBXFrameworksBuildPhase;
			buildActionMask = 2147483647;
			files = (
			);
			runOnlyForDeploymentPostprocessing = 0;
		};
/* End PBXFrameworksBuildPhase section */

/* Begin PBXGroup section */
		CC290D081D610A180026E9F9 = {
			isa = PBXGroup;
			children = (
				CC290D131D610A180026E9F9 /* MoonLander */,
				CC290D121D610A180026E9F9 /* Products */,
			);
			sourceTree = "<group>";
		};
		CC290D121D610A180026E9F9 /* Products */ = {
			isa = PBXGroup;
			children = (
				CC290D111D610A180026E9F9 /* MoonLander.app */,
			);
			name = Products;
			sourceTree = "<group>";
		};
		CC290D131D610A180026E9F9 /* MoonLander */ = {
			isa = PBXGroup;
			children = (
				CC290D141D610A180026E9F9 /* AppDelegate.swift */,
				CC290D281D6111420026E9F9 /* RequestHandler.swift */,
				CC290D161D610A180026E9F9 /* ViewController.swift */,
				CC290D181D610A180026E9F9 /* Main.storyboard */,
				CC290D1B1D610A180026E9F9 /* Assets.xcassets */,
				CC290D1D1D610A180026E9F9 /* LaunchScreen.storyboard */,
				CC290D201D610A180026E9F9 /* Info.plist */,
			);
			path = MoonLander;
			sourceTree = "<group>";
		};
/* End PBXGroup section */

/* Begin PBXNativeTarget section */
		CC290D101D610A180026E9F9 /* MoonLander */ = {
			isa = PBXNativeTarget;
			buildConfigurationList = CC290D231D610A180026E9F9 /* Build configuration list for PBXNativeTarget "MoonLander" */;
			buildPhases = (
				CC290D0D1D610A180026E9F9 /* Sources */,
				CC290D0E1D610A180026E9F9 /* Frameworks */,
				CC290D0F1D610A180026E9F9 /* Resources */,
			);
			buildRules = (
			);
			dependencies = (
			);
			name = MoonLander;
			productName = MoonLander;
			productReference = CC290D111D610A180026E9F9 /* MoonLander.app */;
			productType = "com.apple.product-type.application";
		};
/* End PBXNativeTarget section */

/* Begin PBXProject section */
		CC290D091D610A180026E9F9 /* Project object */ = {
			isa = PBXProject;
			attributes = {
				LastSwiftUpdateCheck = 0730;
				LastUpgradeCheck = 0730;
				ORGANIZATIONNAME = "Rachel Hyman";
				TargetAttributes = {
					CC290D101D610A180026E9F9 = {
						CreatedOnToolsVersion = 7.3.1;
					};
				};
			};
			buildConfigurationList = CC290D0C1D610A180026E9F9 /* Build configuration list for PBXProject "MoonLander" */;
			compatibilityVersion = "Xcode 3.2";
			developmentRegion = English;
			hasScannedForEncodings = 0;
			knownRegions = (
				en,
				Base,
			);
			mainGroup = CC290D081D610A180026E9F9;
			productRefGroup = CC290D121D610A180026E9F9 /* Products */;
			projectDirPath = "";
			projectRoot = "";
			targets = (
				CC290D101D610A180026E9F9 /* MoonLander */,
			);
		};
/* End PBXProject section */

/* Begin PBXResourcesBuildPhase section */
		CC290D0F1D610A180026E9F9 /* Resources */ = {
			isa = PBXResourcesBuildPhase;
			buildActionMask = 2147483647;
			files = (
				CC290D1F1D610A180026E9F9 /* LaunchScreen.storyboard in Resources */,
				CC290D1C1D610A180026E9F9 /* Assets.xcassets in Resources */,
				CC290D1A1D610A180026E9F9 /* Main.storyboard in Resources */,
			);
			runOnlyForDeploymentPostprocessing = 0;
		};
/* End PBXResourcesBuildPhase section */

/* Begin PBXSourcesBuildPhase section */
		CC290D0D1D610A180026E9F9 /* Sources */ = {
			isa = PBXSourcesBuildPhase;
			buildActionMask = 2147483647;
			files = (
				CC290D171D610A180026E9F9 /* ViewController.swift in Sources */,
				CC290D151D610A180026E9F9 /* AppDelegate.swift in Sources */,
				CC290D291D6111420026E9F9 /* RequestHandler.swift in Sources */,
			);
			runOnlyForDeploymentPostprocessing = 0;
		};
/* End PBXSourcesBuildPhase section */

/* Begin PBXVariantGroup section */
		CC290D181D610A180026E9F9 /* Main.storyboard */ = {
			isa = PBXVariantGroup;
			children = (
				CC290D191D610A180026E9F9 /* Base */,
			);
			name = Main.storyboard;
			sourceTree = "<group>";
		};
		CC290D1D1D610A180026E9F9 /* LaunchScreen.storyboard */ = {
			isa = PBXVariantGroup;
			children = (
				CC290D1E1D610A180026E9F9 /* Base */,
			);
			name = LaunchScreen.storyboard;
			sourceTree = "<group>";
		};
/* End PBXVariantGroup section */

/* Begin XCBuildConfiguration section */
		CC290D211D610A180026E9F9 /* Debug */ = {
			isa = XCBuildConfiguration;
			buildSettings = {
				ALWAYS_SEARCH_USER_PATHS = NO;
				CLANG_ANALYZER_NONNULL = YES;
				CLANG_CXX_LANGUAGE_STANDARD = "gnu++0x";
				CLANG_CXX_LIBRARY = "libc++";
				CLANG_ENABLE_MODULES = YES;
				CLANG_ENABLE_OBJC_ARC = YES;
				CLANG_WARN_BOOL_CONVERSION = YES;
				CLANG_WARN_CONSTANT_CONVERSION = YES;
				CLANG_WARN_DIRECT_OBJC_ISA_USAGE = YES_ERROR;
				CLANG_WARN_EMPTY_BODY = YES;
				CLANG_WARN_ENUM_CONVERSION = YES;
				CLANG_WARN_INT_CONVERSION = YES;
				CLANG_WARN_OBJC_ROOT_CLASS = YES_ERROR;
				CLANG_WARN_UNREACHABLE_CODE = YES;
				CLANG_WARN__DUPLICATE_METHOD_MATCH = YES;
				"CODE_SIGN_IDENTITY[sdk=iphoneos*]" = "iPhone Developer";
				COPY_PHASE_STRIP = NO;
				DEBUG_INFORMATION_FORMAT = dwarf;
				ENABLE_STRICT_OBJC_MSGSEND = YES;
				ENABLE_TESTABILITY = YES;
				GCC_C_LANGUAGE_STANDARD = gnu99;
				GCC_DYNAMIC_NO_PIC = NO;
				GCC_NO_COMMON_BLOCKS = YES;
				GCC_OPTIMIZATION_LEVEL = 0;
				GCC_PREPROCESSOR_DEFINITIONS = (
					"DEBUG=1",
					"$(inherited)",
				);
				GCC_WARN_64_TO_32_BIT_CONVERSION = YES;
				GCC_WARN_ABOUT_RETURN_TYPE = YES_ERROR;
				GCC_WARN_UNDECLARED_SELECTOR = YES;
				GCC_WARN_UNINITIALIZED_AUTOS = YES_AGGRESSIVE;
				GCC_WARN_UNUSED_FUNCTION = YES;
				GCC_WARN_UNUSED_VARIABLE = YES;
				IPHONEOS_DEPLOYMENT_TARGET = 9.3;
				MTL_ENABLE_DEBUG_INFO = YES;
				ONLY_ACTIVE_ARCH = YES;
				SDKROOT = iphoneos;
				SWIFT_OPTIMIZATION_LEVEL = "-Onone";
			};
			name = Debug;
		};
		CC290D221D610A180026E9F9 /* Release */ = {
			isa = XCBuildConfiguration;
			buildSettings = {
				ALWAYS_SEARCH_USER_PATHS = NO;
				CLANG_ANALYZER_NONNULL = YES;
				CLANG_CXX_LANGUAGE_STANDARD = "gnu++0x";
				CLANG_CXX_LIBRARY = "libc++";
				CLANG_ENABLE_MODULES = YES;
				CLANG_ENABLE_OBJC_ARC = YES;
				CLANG_WARN_BOOL_CONVERSION = YES;
				CLANG_WARN_CONSTANT_CONVERSION = YES;
				CLANG_WARN_DIRECT_OBJC_ISA_USAGE = YES_ERROR;
				CLANG_WARN_EMPTY_BODY = YES;
				CLANG_WARN_ENUM_CONVERSION = YES;
				CLANG_WARN_INT_CONVERSION = YES;
				CLANG_WARN_OBJC_ROOT_CLASS = YES_ERROR;
				CLANG_WARN_UNREACHABLE_CODE = YES;
				CLANG_WARN__DUPLICATE_METHOD_MATCH = YES;
				"CODE_SIGN_IDENTITY[sdk=iphoneos*]" = "iPhone Developer";
				COPY_PHASE_STRIP = NO;
				DEBUG_INFORMATION_FORMAT = "dwarf-with-dsym";
				ENABLE_NS_ASSERTIONS = NO;
				ENABLE_STRICT_OBJC_MSGSEND = YES;
				GCC_C_LANGUAGE_STANDARD = gnu99;
				GCC_NO_COMMON_BLOCKS = YES;
				GCC_WARN_64_TO_32_BIT_CONVERSION = YES;
				GCC_WARN_ABOUT_RETURN_TYPE = YES_ERROR;
				GCC_WARN_UNDECLARED_SELECTOR = YES;
				GCC_WARN_UNINITIALIZED_AUTOS = YES_AGGRESSIVE;
				GCC_WARN_UNUSED_FUNCTION = YES;
				GCC_WARN_UNUSED_VARIABLE = YES;
				IPHONEOS_DEPLOYMENT_TARGET = 9.3;
				MTL_ENABLE_DEBUG_INFO = NO;
				SDKROOT = iphoneos;
				VALIDATE_PRODUCT = YES;
			};
			name = Release;
		};
		CC290D241D610A180026E9F9 /* Debug */ = {
			isa = XCBuildConfiguration;
			buildSettings = {
				ASSETCATALOG_COMPILER_APPICON_NAME = AppIcon;
				INFOPLIST_FILE = MoonLander/Info.plist;
				LD_RUNPATH_SEARCH_PATHS = "$(inherited) @executable_path/Frameworks";
				PRODUCT_BUNDLE_IDENTIFIER = com.rachelhyman.MoonLander;
				PRODUCT_NAME = "$(TARGET_NAME)";
			};
			name = Debug;
		};
		CC290D251D610A180026E9F9 /* Release */ = {
			isa = XCBuildConfiguration;
			buildSettings = {
				ASSETCATALOG_COMPILER_APPICON_NAME = AppIcon;
				INFOPLIST_FILE = MoonLander/Info.plist;
				LD_RUNPATH_SEARCH_PATHS = "$(inherited) @executable_path/Frameworks";
				PRODUCT_BUNDLE_IDENTIFIER = com.rachelhyman.MoonLander;
				PRODUCT_NAME = "$(TARGET_NAME)";
			};
			name = Release;
		};
/* End XCBuildConfiguration section */

/* Begin XCConfigurationList section */
		CC290D0C1D610A180026E9F9 /* Build configuration list for PBXProject "MoonLander" */ = {
			isa = XCConfigurationList;
			buildConfigurations = (
				CC290D211D610A180026E9F9 /* Debug */,
				CC290D221D610A180026E9F9 /* Release */,
			);
			defaultConfigurationIsVisible = 0;
			defaultConfigurationName = Release;
		};
		CC290D231D610A180026E9F9 /* Build configuration list for PBXNativeTarget "MoonLander" */ = {
			isa = XCConfigurationList;
			buildConfigurations = (
				CC290D241D610A180026E9F9 /* Debug */,
				CC290D251D610A180026E9F9 /* Release */,
			);
			defaultConfigurationIsVisible = 0;
		};
/* End XCConfigurationList section */
	};
	rootObject = CC290D091D610A180026E9F9 /* Project object */;
}
